
Microsoft Visual Studio Solution File, Format Version 12.00
# Visual Studio Version 16
VisualStudioVersion = 16.0.31624.102
MinimumVisualStudioVersion = 10.0.40219.1
Project("{FAE04EC0-301F-11D3-BF4B-00C04F79EFBC}") = "Student_details_api_core", "Student_details_api_core\Student_details_api_core.csproj", "{3D81A83A-8738-4F25-9A35-0F2CD1321DE3}"
EndProject
Global
	GlobalSection(SolutionConfigurationPlatforms) = preSolution
		Debug|Any CPU = Debug|Any CPU
		Release|Any CPU = Release|Any CPU
	EndGlobalSection
	GlobalSection(ProjectConfigurationPlatforms) = postSolution
		{3D81A83A-8738-4F25-9A35-0F2CD1321DE3}.Debug|Any CPU.ActiveCfg = Debug|Any CPU
		{3D81A83A-8738-4F25-9A35-0F2CD1321DE3}.Debug|Any CPU.Build.0 = Debug|Any CPU
		{3D81A83A-8738-4F25-9A35-0F2CD1321DE3}.Release|Any CPU.ActiveCfg = Release|Any CPU
		{3D81A83A-8738-4F25-9A35-0F2CD1321DE3}.Release|Any CPU.Build.0 = Release|Any CPU
	EndGlobalSection
	GlobalSection(SolutionProperties) = preSolution
		HideSolutionNode = FALSE
	EndGlobalSection
	GlobalSection(ExtensibilityGlobals) = postSolution
		SolutionGuid = {3425C76A-AF2A-4ADE-84F1-CF1637A9A15D}
	EndGlobalSection
EndGlobal
